// !$*UTF8*$!
{
	archiveVersion = 1;
	classes = {
	};
	objectVersion = 50;
	objects = {

/* Begin PBXBuildFile section */
		E233949723F026EA004D73FF /* AppDelegate.swift in Sources */ = {isa = PBXBuildFile; fileRef = E233949623F026EA004D73FF /* AppDelegate.swift */; };
		E233949923F026EA004D73FF /* SceneDelegate.swift in Sources */ = {isa = PBXBuildFile; fileRef = E233949823F026EA004D73FF /* SceneDelegate.swift */; };
		E233949B23F026EA004D73FF /* ViewController.swift in Sources */ = {isa = PBXBuildFile; fileRef = E233949A23F026EA004D73FF /* ViewController.swift */; };
		E233949E23F026EA004D73FF /* Main.storyboard in Resources */ = {isa = PBXBuildFile; fileRef = E233949C23F026EA004D73FF /* Main.storyboard */; };
		E23394A123F026EA004D73FF /* EmptySubject.xcdatamodeld in Sources */ = {isa = PBXBuildFile; fileRef = E233949F23F026EA004D73FF /* EmptySubject.xcdatamodeld */; };
		E23394A323F026ED004D73FF /* Assets.xcassets in Resources */ = {isa = PBXBuildFile; fileRef = E23394A223F026ED004D73FF /* Assets.xcassets */; };
		E23394A623F026ED004D73FF /* LaunchScreen.storyboard in Resources */ = {isa = PBXBuildFile; fileRef = E23394A423F026ED004D73FF /* LaunchScreen.storyboard */; };
/* End PBXBuildFile section */

/* Begin PBXFileReference section */
		E233949323F026EA004D73FF /* EmptySubject.app */ = {isa = PBXFileReference; explicitFileType = wrapper.application; includeInIndex = 0; path = EmptySubject.app; sourceTree = BUILT_PRODUCTS_DIR; };
		E233949623F026EA004D73FF /* AppDelegate.swift */ = {isa = PBXFileReference; lastKnownFileType = sourcecode.swift; path = AppDelegate.swift; sourceTree = "<group>"; };
		E233949823F026EA004D73FF /* SceneDelegate.swift */ = {isa = PBXFileReference; lastKnownFileType = sourcecode.swift; path = SceneDelegate.swift; sourceTree = "<group>"; };
		E233949A23F026EA004D73FF /* ViewController.swift */ = {isa = PBXFileReference; lastKnownFileType = sourcecode.swift; path = ViewController.swift; sourceTree = "<group>"; };
		E233949D23F026EA004D73FF /* Base */ = {isa = PBXFileReference; lastKnownFileType = file.storyboard; name = Base; path = Base.lproj/Main.storyboard; sourceTree = "<group>"; };
		E23394A023F026EA004D73FF /* EmptySubject.xcdatamodel */ = {isa = PBXFileReference; lastKnownFileType = wrapper.xcdatamodel; path = EmptySubject.xcdatamodel; sourceTree = "<group>"; };
		E23394A223F026ED004D73FF /* Assets.xcassets */ = {isa = PBXFileReference; lastKnownFileType = folder.assetcatalog; path = Assets.xcassets; sourceTree = "<group>"; };
		E23394A523F026ED004D73FF /* Base */ = {isa = PBXFileReference; lastKnownFileType = file.storyboard; name = Base; path = Base.lproj/LaunchScreen.storyboard; sourceTree = "<group>"; };
		E23394A723F026ED004D73FF /* Info.plist */ = {isa = PBXFileReference; lastKnownFileType = text.plist.xml; path = Info.plist; sourceTree = "<group>"; };
/* End PBXFileReference section */

/* Begin PBXFrameworksBuildPhase section */
		E233949023F026EA004D73FF /* Frameworks */ = {
			isa = PBXFrameworksBuildPhase;
			buildActionMask = 2147483647;
			files = (
			);
			runOnlyForDeploymentPostprocessing = 0;
		};
/* End PBXFrameworksBuildPhase section */

/* Begin PBXGroup section */
		E233948A23F026E9004D73FF = {
			isa = PBXGroup;
			children = (
				E233949523F026EA004D73FF /* EmptySubject */,
				E233949423F026EA004D73FF /* Products */,
			);
			sourceTree = "<group>";
		};
		E233949423F026EA004D73FF /* Products */ = {
			isa = PBXGroup;
			children = (
				E233949323F026EA004D73FF /* EmptySubject.app */,
			);
			name = Products;
			sourceTree = "<group>";
		};
		E233949523F026EA004D73FF /* EmptySubject */ = {
			isa = PBXGroup;
			children = (
				E233949623F026EA004D73FF /* AppDelegate.swift */,
				E233949823F026EA004D73FF /* SceneDelegate.swift */,
				E233949A23F026EA004D73FF /* ViewController.swift */,
				E233949C23F026EA004D73FF /* Main.storyboard */,
				E23394A223F026ED004D73FF /* Assets.xcassets */,
				E23394A423F026ED004D73FF /* LaunchScreen.storyboard */,
				E23394A723F026ED004D73FF /* Info.plist */,
				E233949F23F026EA004D73FF /* EmptySubject.xcdatamodeld */,
			);
			path = EmptySubject;
			sourceTree = "<group>";
		};
/* End PBXGroup section */

/* Begin PBXNativeTarget section */
		E233949223F026EA004D73FF /* EmptySubject */ = {
			isa = PBXNativeTarget;
			buildConfigurationList = E23394AA23F026ED004D73FF /* Build configuration list for PBXNativeTarget "EmptySubject" */;
			buildPhases = (
				E233948F23F026EA004D73FF /* Sources */,
				E233949023F026EA004D73FF /* Frameworks */,
				E233949123F026EA004D73FF /* Resources */,
			);
			buildRules = (
			);
			dependencies = (
			);
			name = EmptySubject;
			productName = EmptySubject;
			productReference = E233949323F026EA004D73FF /* EmptySubject.app */;
			productType = "com.apple.product-type.application";
		};
/* End PBXNativeTarget section */

/* Begin PBXProject section */
		E233948B23F026EA004D73FF /* Project object */ = {
			isa = PBXProject;
			attributes = {
				LastSwiftUpdateCheck = 1130;
				LastUpgradeCheck = 1130;
				ORGANIZATIONNAME = "Astemir Shibzuhov";
				TargetAttributes = {
					E233949223F026EA004D73FF = {
						CreatedOnToolsVersion = 11.3.1;
					};
				};
			};
			buildConfigurationList = E233948E23F026EA004D73FF /* Build configuration list for PBXProject "EmptySubject" */;
			compatibilityVersion = "Xcode 9.3";
			developmentRegion = en;
			hasScannedForEncodings = 0;
			knownRegions = (
				en,
				Base,
			);
			mainGroup = E233948A23F026E9004D73FF;
			productRefGroup = E233949423F026EA004D73FF /* Products */;
			projectDirPath = "";
			projectRoot = "";
			targets = (
				E233949223F026EA004D73FF /* EmptySubject */,
			);
		};
/* End PBXProject section */

/* Begin PBXResourcesBuildPhase section */
		E233949123F026EA004D73FF /* Resources */ = {
			isa = PBXResourcesBuildPhase;
			buildActionMask = 2147483647;
			files = (
				E23394A623F026ED004D73FF /* LaunchScreen.storyboard in Resources */,
				E23394A323F026ED004D73FF /* Assets.xcassets in Resources */,
				E233949E23F026EA004D73FF /* Main.storyboard in Resources */,
			);
			runOnlyForDeploymentPostprocessing = 0;
		};
/* End PBXResourcesBuildPhase section */

/* Begin PBXSourcesBuildPhase section */
		E233948F23F026EA004D73FF /* Sources */ = {
			isa = PBXSourcesBuildPhase;
			buildActionMask = 2147483647;
			files = (
				E23394A123F026EA004D73FF /* EmptySubject.xcdatamodeld in Sources */,
				E233949B23F026EA004D73FF /* ViewController.swift in Sources */,
				E233949723F026EA004D73FF /* AppDelegate.swift in Sources */,
				E233949923F026EA004D73FF /* SceneDelegate.swift in Sources */,
			);
			runOnlyForDeploymentPostprocessing = 0;
		};
/* End PBXSourcesBuildPhase section */

/* Begin PBXVariantGroup section */
		E233949C23F026EA004D73FF /* Main.storyboard */ = {
			isa = PBXVariantGroup;
			children = (
				E233949D23F026EA004D73FF /* Base */,
			);
			name = Main.storyboard;
			sourceTree = "<group>";
		};
		E23394A423F026ED004D73FF /* LaunchScreen.storyboard */ = {
			isa = PBXVariantGroup;
			children = (
				E23394A523F026ED004D73FF /* Base */,
			);
			name = LaunchScreen.storyboard;
			sourceTree = "<group>";
		};
/* End PBXVariantGroup section */

/* Begin XCBuildConfiguration section */
		E23394A823F026ED004D73FF /* Debug */ = {
			isa = XCBuildConfiguration;
			buildSettings = {
				ALWAYS_SEARCH_USER_PATHS = NO;
				CLANG_ANALYZER_NONNULL = YES;
				CLANG_ANALYZER_NUMBER_OBJECT_CONVERSION = YES_AGGRESSIVE;
				CLANG_CXX_LANGUAGE_STANDARD = "gnu++14";
				CLANG_CXX_LIBRARY = "libc++";
				CLANG_ENABLE_MODULES = YES;
				CLANG_ENABLE_OBJC_ARC = YES;
				CLANG_ENABLE_OBJC_WEAK = YES;
				CLANG_WARN_BLOCK_CAPTURE_AUTORELEASING = YES;
				CLANG_WARN_BOOL_CONVERSION = YES;
				CLANG_WARN_COMMA = YES;
				CLANG_WARN_CONSTANT_CONVERSION = YES;
				CLANG_WARN_DEPRECATED_OBJC_IMPLEMENTATIONS = YES;
				CLANG_WARN_DIRECT_OBJC_ISA_USAGE = YES_ERROR;
				CLANG_WARN_DOCUMENTATION_COMMENTS = YES;
				CLANG_WARN_EMPTY_BODY = YES;
				CLANG_WARN_ENUM_CONVERSION = YES;
				CLANG_WARN_INFINITE_RECURSION = YES;
				CLANG_WARN_INT_CONVERSION = YES;
				CLANG_WARN_NON_LITERAL_NULL_CONVERSION = YES;
				CLANG_WARN_OBJC_IMPLICIT_RETAIN_SELF = YES;
				CLANG_WARN_OBJC_LITERAL_CONVERSION = YES;
				CLANG_WARN_OBJC_ROOT_CLASS = YES_ERROR;
				CLANG_WARN_RANGE_LOOP_ANALYSIS = YES;
				CLANG_WARN_STRICT_PROTOTYPES = YES;
				CLANG_WARN_SUSPICIOUS_MOVE = YES;
				CLANG_WARN_UNGUARDED_AVAILABILITY = YES_AGGRESSIVE;
				CLANG_WARN_UNREACHABLE_CODE = YES;
				CLANG_WARN__DUPLICATE_METHOD_MATCH = YES;
				COPY_PHASE_STRIP = NO;
				DEBUG_INFORMATION_FORMAT = dwarf;
				ENABLE_STRICT_OBJC_MSGSEND = YES;
				ENABLE_TESTABILITY = YES;
				GCC_C_LANGUAGE_STANDARD = gnu11;
				GCC_DYNAMIC_NO_PIC = NO;
				GCC_NO_COMMON_BLOCKS = YES;
				GCC_OPTIMIZATION_LEVEL = 0;
				GCC_PREPROCESSOR_DEFINITIONS = (
					"DEBUG=1",
					"$(inherited)",
				);
				GCC_WARN_64_TO_32_BIT_CONVERSION = YES;
				GCC_WARN_ABOUT_RETURN_TYPE = YES_ERROR;
				GCC_WARN_UNDECLARED_SELECTOR = YES;
				GCC_WARN_UNINITIALIZED_AUTOS = YES_AGGRESSIVE;
				GCC_WARN_UNUSED_FUNCTION = YES;
				GCC_WARN_UNUSED_VARIABLE = YES;
				IPHONEOS_DEPLOYMENT_TARGET = 13.2;
				MTL_ENABLE_DEBUG_INFO = INCLUDE_SOURCE;
				MTL_FAST_MATH = YES;
				ONLY_ACTIVE_ARCH = YES;
				SDKROOT = iphoneos;
				SWIFT_ACTIVE_COMPILATION_CONDITIONS = DEBUG;
				SWIFT_OPTIMIZATION_LEVEL = "-Onone";
			};
			name = Debug;
		};
		E23394A923F026ED004D73FF /* Release */ = {
			isa = XCBuildConfiguration;
			buildSettings = {
				ALWAYS_SEARCH_USER_PATHS = NO;
				CLANG_ANALYZER_NONNULL = YES;
				CLANG_ANALYZER_NUMBER_OBJECT_CONVERSION = YES_AGGRESSIVE;
				CLANG_CXX_LANGUAGE_STANDARD = "gnu++14";
				CLANG_CXX_LIBRARY = "libc++";
				CLANG_ENABLE_MODULES = YES;
				CLANG_ENABLE_OBJC_ARC = YES;
				CLANG_ENABLE_OBJC_WEAK = YES;
				CLANG_WARN_BLOCK_CAPTURE_AUTORELEASING = YES;
				CLANG_WARN_BOOL_CONVERSION = YES;
				CLANG_WARN_COMMA = YES;
				CLANG_WARN_CONSTANT_CONVERSION = YES;
				CLANG_WARN_DEPRECATED_OBJC_IMPLEMENTATIONS = YES;
				CLANG_WARN_DIRECT_OBJC_ISA_USAGE = YES_ERROR;
				CLANG_WARN_DOCUMENTATION_COMMENTS = YES;
				CLANG_WARN_EMPTY_BODY = YES;
				CLANG_WARN_ENUM_CONVERSION = YES;
				CLANG_WARN_INFINITE_RECURSION = YES;
				CLANG_WARN_INT_CONVERSION = YES;
				CLANG_WARN_NON_LITERAL_NULL_CONVERSION = YES;
				CLANG_WARN_OBJC_IMPLICIT_RETAIN_SELF = YES;
				CLANG_WARN_OBJC_LITERAL_CONVERSION = YES;
				CLANG_WARN_OBJC_ROOT_CLASS = YES_ERROR;
				CLANG_WARN_RANGE_LOOP_ANALYSIS = YES;
				CLANG_WARN_STRICT_PROTOTYPES = YES;
				CLANG_WARN_SUSPICIOUS_MOVE = YES;
				CLANG_WARN_UNGUARDED_AVAILABILITY = YES_AGGRESSIVE;
				CLANG_WARN_UNREACHABLE_CODE = YES;
				CLANG_WARN__DUPLICATE_METHOD_MATCH = YES;
				COPY_PHASE_STRIP = NO;
				DEBUG_INFORMATION_FORMAT = "dwarf-with-dsym";
				ENABLE_NS_ASSERTIONS = NO;
				ENABLE_STRICT_OBJC_MSGSEND = YES;
				GCC_C_LANGUAGE_STANDARD = gnu11;
				GCC_NO_COMMON_BLOCKS = YES;
				GCC_WARN_64_TO_32_BIT_CONVERSION = YES;
				GCC_WARN_ABOUT_RETURN_TYPE = YES_ERROR;
				GCC_WARN_UNDECLARED_SELECTOR = YES;
				GCC_WARN_UNINITIALIZED_AUTOS = YES_AGGRESSIVE;
				GCC_WARN_UNUSED_FUNCTION = YES;
				GCC_WARN_UNUSED_VARIABLE = YES;
				IPHONEOS_DEPLOYMENT_TARGET = 13.2;
				MTL_ENABLE_DEBUG_INFO = NO;
				MTL_FAST_MATH = YES;
				SDKROOT = iphoneos;
				SWIFT_COMPILATION_MODE = wholemodule;
				SWIFT_OPTIMIZATION_LEVEL = "-O";
				VALIDATE_PRODUCT = YES;
			};
			name = Release;
		};
		E23394AB23F026ED004D73FF /* Debug */ = {
			isa = XCBuildConfiguration;
			buildSettings = {
				ASSETCATALOG_COMPILER_APPICON_NAME = AppIcon;
				CODE_SIGN_STYLE = Automatic;
				DEVELOPMENT_TEAM = 7D3Z5CX5PT;
				INFOPLIST_FILE = EmptySubject/Info.plist;
				LD_RUNPATH_SEARCH_PATHS = (
					"$(inherited)",
					"@executable_path/Frameworks",
				);
				PRODUCT_BUNDLE_IDENTIFIER = product.EmptySubject;
				PRODUCT_NAME = "$(TARGET_NAME)";
				SWIFT_VERSION = 5.0;
				TARGETED_DEVICE_FAMILY = "1,2";
			};
			name = Debug;
		};
		E23394AC23F026ED004D73FF /* Release */ = {
			isa = XCBuildConfiguration;
			buildSettings = {
				ASSETCATALOG_COMPILER_APPICON_NAME = AppIcon;
				CODE_SIGN_STYLE = Automatic;
				DEVELOPMENT_TEAM = 7D3Z5CX5PT;
				INFOPLIST_FILE = EmptySubject/Info.plist;
				LD_RUNPATH_SEARCH_PATHS = (
					"$(inherited)",
					"@executable_path/Frameworks",
				);
				PRODUCT_BUNDLE_IDENTIFIER = product.EmptySubject;
				PRODUCT_NAME = "$(TARGET_NAME)";
				SWIFT_VERSION = 5.0;
				TARGETED_DEVICE_FAMILY = "1,2";
			};
			name = Release;
		};
/* End XCBuildConfiguration section */

/* Begin XCConfigurationList section */
		E233948E23F026EA004D73FF /* Build configuration list for PBXProject "EmptySubject" */ = {
			isa = XCConfigurationList;
			buildConfigurations = (
				E23394A823F026ED004D73FF /* Debug */,
				E23394A923F026ED004D73FF /* Release */,
			);
			defaultConfigurationIsVisible = 0;
			defaultConfigurationName = Release;
		};
		E23394AA23F026ED004D73FF /* Build configuration list for PBXNativeTarget "EmptySubject" */ = {
			isa = XCConfigurationList;
			buildConfigurations = (
				E23394AB23F026ED004D73FF /* Debug */,
				E23394AC23F026ED004D73FF /* Release */,
			);
			defaultConfigurationIsVisible = 0;
			defaultConfigurationName = Release;
		};
/* End XCConfigurationList section */

/* Begin XCVersionGroup section */
		E233949F23F026EA004D73FF /* EmptySubject.xcdatamodeld */ = {
			isa = XCVersionGroup;
			children = (
				E23394A023F026EA004D73FF /* EmptySubject.xcdatamodel */,
			);
			currentVersion = E23394A023F026EA004D73FF /* EmptySubject.xcdatamodel */;
			path = EmptySubject.xcdatamodeld;
			sourceTree = "<group>";
			versionGroupType = wrapper.xcdatamodel;
		};
/* End XCVersionGroup section */
	};
	rootObject = E233948B23F026EA004D73FF /* Project object */;
}
